// !$*UTF8*$!
{
	archiveVersion = 1;
	classes = {
	};
	objectVersion = 56;
	objects = {

/* Begin PBXBuildFile section */
		75B06F96298498B5002219CB /* libFluentUI.a in Frameworks */ = {isa = PBXBuildFile; fileRef = 75F0EE4129848F01004FE07A /* libFluentUI.a */; };
		75B06F9F2984996C002219CB /* FluentUIResources-ios.bundle in Resources */ = {isa = PBXBuildFile; fileRef = 75F0EE3F29848F01004FE07A /* FluentUIResources-ios.bundle */; };
		75F0EE1529848620004FE07A /* CallingWithChatApp.swift in Sources */ = {isa = PBXBuildFile; fileRef = 75F0EE1429848620004FE07A /* CallingWithChatApp.swift */; };
		75F0EE1729848620004FE07A /* ContentView.swift in Sources */ = {isa = PBXBuildFile; fileRef = 75F0EE1629848620004FE07A /* ContentView.swift */; };
		75F0EE1929848623004FE07A /* Assets.xcassets in Resources */ = {isa = PBXBuildFile; fileRef = 75F0EE1829848623004FE07A /* Assets.xcassets */; };
		75F0EE1C29848623004FE07A /* Preview Assets.xcassets in Resources */ = {isa = PBXBuildFile; fileRef = 75F0EE1B29848623004FE07A /* Preview Assets.xcassets */; };
		75F0EE4829849246004FE07A /* AzureCommunicationCalling.xcframework in Frameworks */ = {isa = PBXBuildFile; fileRef = 75F0EE4729849246004FE07A /* AzureCommunicationCalling.xcframework */; };
/* End PBXBuildFile section */

/* Begin PBXContainerItemProxy section */
		75F0EE2729848B9B004FE07A /* PBXContainerItemProxy */ = {
			isa = PBXContainerItemProxy;
			containerPortal = 75F0EE2229848B9B004FE07A /* AzureCommunicationUICalling.xcodeproj */;
			proxyType = 2;
			remoteGlobalIDString = A8659FC52602A22000C807DE;
			remoteInfo = AzureCommunicationUICalling;
		};
		75F0EE2929848B9B004FE07A /* PBXContainerItemProxy */ = {
			isa = PBXContainerItemProxy;
			containerPortal = 75F0EE2229848B9B004FE07A /* AzureCommunicationUICalling.xcodeproj */;
			proxyType = 2;
			remoteGlobalIDString = 1FBCB69A2645285100F57EEA;
			remoteInfo = AzureCommunicationUICallingTests;
		};
		75F0EE2B29848BBA004FE07A /* PBXContainerItemProxy */ = {
			isa = PBXContainerItemProxy;
			containerPortal = 75F0EE2229848B9B004FE07A /* AzureCommunicationUICalling.xcodeproj */;
			proxyType = 1;
			remoteGlobalIDString = A8659FC42602A22000C807DE;
			remoteInfo = AzureCommunicationUICalling;
		};
		75F0EE3229848C6D004FE07A /* PBXContainerItemProxy */ = {
			isa = PBXContainerItemProxy;
			containerPortal = 75F0EE2D29848C6D004FE07A /* AzureCommunicationUIChat.xcodeproj */;
			proxyType = 2;
			remoteGlobalIDString = 50CB81C228C26E0C00680566;
			remoteInfo = AzureCommunicationUIChat;
		};
		75F0EE3429848C6D004FE07A /* PBXContainerItemProxy */ = {
			isa = PBXContainerItemProxy;
			containerPortal = 75F0EE2D29848C6D004FE07A /* AzureCommunicationUIChat.xcodeproj */;
			proxyType = 2;
			remoteGlobalIDString = 50CB81CA28C26E0C00680566;
			remoteInfo = AzureCommunicationUIChatTests;
		};
		75F0EE3629848C86004FE07A /* PBXContainerItemProxy */ = {
			isa = PBXContainerItemProxy;
			containerPortal = 75F0EE2D29848C6D004FE07A /* AzureCommunicationUIChat.xcodeproj */;
			proxyType = 1;
			remoteGlobalIDString = 50CB81C128C26E0C00680566;
			remoteInfo = AzureCommunicationUIChat;
		};
		75F0EE3E29848F01004FE07A /* PBXContainerItemProxy */ = {
			isa = PBXContainerItemProxy;
			containerPortal = 75F0EE3829848F01004FE07A /* FluentUI.xcodeproj */;
			proxyType = 2;
			remoteGlobalIDString = A5DA88FC226FAA01000A8EA8;
			remoteInfo = FluentUIResources;
		};
		75F0EE4029848F01004FE07A /* PBXContainerItemProxy */ = {
			isa = PBXContainerItemProxy;
			containerPortal = 75F0EE3829848F01004FE07A /* FluentUI.xcodeproj */;
			proxyType = 2;
			remoteGlobalIDString = 8FD01166228A820600D25925;
			remoteInfo = FluentUILib;
		};
		75F0EE4229848F01004FE07A /* PBXContainerItemProxy */ = {
			isa = PBXContainerItemProxy;
			containerPortal = 75F0EE3829848F01004FE07A /* FluentUI.xcodeproj */;
			proxyType = 2;
			remoteGlobalIDString = A5CEC15A20D980B30016922A;
			remoteInfo = FluentUITests;
		};
		75F0EE4429848F18004FE07A /* PBXContainerItemProxy */ = {
			isa = PBXContainerItemProxy;
			containerPortal = 75F0EE3829848F01004FE07A /* FluentUI.xcodeproj */;
			proxyType = 1;
			remoteGlobalIDString = 8FD01165228A820600D25925;
			remoteInfo = FluentUILib;
		};
		75F0EE4F298492A4004FE07A /* PBXContainerItemProxy */ = {
			isa = PBXContainerItemProxy;
			containerPortal = 75F0EE49298492A4004FE07A /* AzureCommunicationChat.xcodeproj */;
			proxyType = 2;
			remoteGlobalIDString = "AzureCommunicationChat::AzureCommunicationChat::Product";
			remoteInfo = AzureCommunicationChat;
		};
		75F0EE51298492A4004FE07A /* PBXContainerItemProxy */ = {
			isa = PBXContainerItemProxy;
			containerPortal = 75F0EE49298492A4004FE07A /* AzureCommunicationChat.xcodeproj */;
			proxyType = 2;
			remoteGlobalIDString = D1B7EAED257F02FC004F384A;
			remoteInfo = AzureCommunicationChatTests;
		};
		75F0EE53298492A4004FE07A /* PBXContainerItemProxy */ = {
			isa = PBXContainerItemProxy;
			containerPortal = 75F0EE49298492A4004FE07A /* AzureCommunicationChat.xcodeproj */;
			proxyType = 2;
			remoteGlobalIDString = D147E62825CE242C001CFB5D;
			remoteInfo = AzureCommunicationChatUnitTests;
		};
		75F0EE55298492AE004FE07A /* PBXContainerItemProxy */ = {
			isa = PBXContainerItemProxy;
			containerPortal = 75F0EE49298492A4004FE07A /* AzureCommunicationChat.xcodeproj */;
			proxyType = 1;
			remoteGlobalIDString = "AzureCommunicationChat::AzureCommunicationChat";
			remoteInfo = AzureCommunicationChat;
		};
		75F0EE5C29849689004FE07A /* PBXContainerItemProxy */ = {
			isa = PBXContainerItemProxy;
			containerPortal = 75F0EE5729849689004FE07A /* AzureCore.xcodeproj */;
			proxyType = 2;
			remoteGlobalIDString = 0A3A5D762315C89C00473FDA;
			remoteInfo = AzureCore;
		};
		75F0EE5E29849689004FE07A /* PBXContainerItemProxy */ = {
			isa = PBXContainerItemProxy;
			containerPortal = 75F0EE5729849689004FE07A /* AzureCore.xcodeproj */;
			proxyType = 2;
			remoteGlobalIDString = 0A3A5DDE2315D17F00473FDA;
			remoteInfo = AzureCoreTests;
		};
		75F0EE6029849693004FE07A /* PBXContainerItemProxy */ = {
			isa = PBXContainerItemProxy;
			containerPortal = 75F0EE5729849689004FE07A /* AzureCore.xcodeproj */;
			proxyType = 1;
			remoteGlobalIDString = 0A3A5D752315C89C00473FDA;
			remoteInfo = AzureCore;
		};
		75F0EE67298496E3004FE07A /* PBXContainerItemProxy */ = {
			isa = PBXContainerItemProxy;
			containerPortal = 75F0EE62298496E3004FE07A /* AzureCommunicationCommon.xcodeproj */;
			proxyType = 2;
			remoteGlobalIDString = 0A3A5EB82316DB1E00473FDA;
			remoteInfo = AzureCommunicationCommon;
		};
		75F0EE69298496E3004FE07A /* PBXContainerItemProxy */ = {
			isa = PBXContainerItemProxy;
			containerPortal = 75F0EE62298496E3004FE07A /* AzureCommunicationCommon.xcodeproj */;
			proxyType = 2;
			remoteGlobalIDString = 0A3A5EC12316DB1E00473FDA;
			remoteInfo = AzureCommunicationCommonTests;
		};
		75F0EE6B298496EC004FE07A /* PBXContainerItemProxy */ = {
			isa = PBXContainerItemProxy;
			containerPortal = 75F0EE62298496E3004FE07A /* AzureCommunicationCommon.xcodeproj */;
			proxyType = 1;
			remoteGlobalIDString = 0A3A5EB72316DB1E00473FDA;
			remoteInfo = AzureCommunicationCommon;
		};
/* End PBXContainerItemProxy section */

/* Begin PBXFileReference section */
		75F0EE1129848620004FE07A /* CallingWithChat.app */ = {isa = PBXFileReference; explicitFileType = wrapper.application; includeInIndex = 0; path = CallingWithChat.app; sourceTree = BUILT_PRODUCTS_DIR; };
		75F0EE1429848620004FE07A /* CallingWithChatApp.swift */ = {isa = PBXFileReference; lastKnownFileType = sourcecode.swift; path = CallingWithChatApp.swift; sourceTree = "<group>"; };
		75F0EE1629848620004FE07A /* ContentView.swift */ = {isa = PBXFileReference; lastKnownFileType = sourcecode.swift; path = ContentView.swift; sourceTree = "<group>"; };
		75F0EE1829848623004FE07A /* Assets.xcassets */ = {isa = PBXFileReference; lastKnownFileType = folder.assetcatalog; path = Assets.xcassets; sourceTree = "<group>"; };
		75F0EE1B29848623004FE07A /* Preview Assets.xcassets */ = {isa = PBXFileReference; lastKnownFileType = folder.assetcatalog; path = "Preview Assets.xcassets"; sourceTree = "<group>"; };
		75F0EE2229848B9B004FE07A /* AzureCommunicationUICalling.xcodeproj */ = {isa = PBXFileReference; lastKnownFileType = "wrapper.pb-project"; name = AzureCommunicationUICalling.xcodeproj; path = "communication-ui-library-ios/AzureCommunicationUI/sdk/AzureCommunicationUICalling/AzureCommunicationUICalling.xcodeproj"; sourceTree = "<group>"; };
		75F0EE2D29848C6D004FE07A /* AzureCommunicationUIChat.xcodeproj */ = {isa = PBXFileReference; lastKnownFileType = "wrapper.pb-project"; name = AzureCommunicationUIChat.xcodeproj; path = "communication-ui-library-ios/AzureCommunicationUI/sdk/AzureCommunicationUIChat/AzureCommunicationUIChat.xcodeproj"; sourceTree = "<group>"; };
		75F0EE3829848F01004FE07A /* FluentUI.xcodeproj */ = {isa = PBXFileReference; lastKnownFileType = "wrapper.pb-project"; name = FluentUI.xcodeproj; path = "fluentui-apple/ios/FluentUI.xcodeproj"; sourceTree = "<group>"; };
		75F0EE4729849246004FE07A /* AzureCommunicationCalling.xcframework */ = {isa = PBXFileReference; lastKnownFileType = wrapper.xcframework; name = AzureCommunicationCalling.xcframework; path = CallingWithChat/AzureCommunicationCalling.xcframework; sourceTree = "<group>"; };
		75F0EE49298492A4004FE07A /* AzureCommunicationChat.xcodeproj */ = {isa = PBXFileReference; lastKnownFileType = "wrapper.pb-project"; name = AzureCommunicationChat.xcodeproj; path = "azure-sdk-for-ios/sdk/communication/AzureCommunicationChat/AzureCommunicationChat.xcodeproj"; sourceTree = "<group>"; };
		75F0EE5729849689004FE07A /* AzureCore.xcodeproj */ = {isa = PBXFileReference; lastKnownFileType = "wrapper.pb-project"; name = AzureCore.xcodeproj; path = "azure-sdk-for-ios/sdk/core/AzureCore/AzureCore.xcodeproj"; sourceTree = "<group>"; };
		75F0EE62298496E3004FE07A /* AzureCommunicationCommon.xcodeproj */ = {isa = PBXFileReference; lastKnownFileType = "wrapper.pb-project"; name = AzureCommunicationCommon.xcodeproj; path = "azure-sdk-for-ios/sdk/communication/AzureCommunicationCommon/AzureCommunicationCommon.xcodeproj"; sourceTree = "<group>"; };
/* End PBXFileReference section */

/* Begin PBXFrameworksBuildPhase section */
		75F0EE0E29848620004FE07A /* Frameworks */ = {
			isa = PBXFrameworksBuildPhase;
			buildActionMask = 2147483647;
			files = (
				75F0EE4829849246004FE07A /* AzureCommunicationCalling.xcframework in Frameworks */,
				75B06F96298498B5002219CB /* libFluentUI.a in Frameworks */,
			);
			runOnlyForDeploymentPostprocessing = 0;
		};
/* End PBXFrameworksBuildPhase section */

/* Begin PBXGroup section */
		75F0EE0829848620004FE07A = {
			isa = PBXGroup;
			children = (
				75F0EE62298496E3004FE07A /* AzureCommunicationCommon.xcodeproj */,
				75F0EE5729849689004FE07A /* AzureCore.xcodeproj */,
				75F0EE49298492A4004FE07A /* AzureCommunicationChat.xcodeproj */,
				75F0EE3829848F01004FE07A /* FluentUI.xcodeproj */,
				75F0EE2D29848C6D004FE07A /* AzureCommunicationUIChat.xcodeproj */,
				75F0EE2229848B9B004FE07A /* AzureCommunicationUICalling.xcodeproj */,
				75F0EE1329848620004FE07A /* CallingWithChat */,
				75F0EE1229848620004FE07A /* Products */,
				75F0EE4629849246004FE07A /* Frameworks */,
			);
			sourceTree = "<group>";
		};
		75F0EE1229848620004FE07A /* Products */ = {
			isa = PBXGroup;
			children = (
				75F0EE1129848620004FE07A /* CallingWithChat.app */,
			);
			name = Products;
			sourceTree = "<group>";
		};
		75F0EE1329848620004FE07A /* CallingWithChat */ = {
			isa = PBXGroup;
			children = (
				75F0EE1429848620004FE07A /* CallingWithChatApp.swift */,
				75F0EE1629848620004FE07A /* ContentView.swift */,
				75F0EE1829848623004FE07A /* Assets.xcassets */,
				75F0EE1A29848623004FE07A /* Preview Content */,
			);
			path = CallingWithChat;
			sourceTree = "<group>";
		};
		75F0EE1A29848623004FE07A /* Preview Content */ = {
			isa = PBXGroup;
			children = (
				75F0EE1B29848623004FE07A /* Preview Assets.xcassets */,
			);
			path = "Preview Content";
			sourceTree = "<group>";
		};
		75F0EE2329848B9B004FE07A /* Products */ = {
			isa = PBXGroup;
			children = (
				75F0EE2829848B9B004FE07A /* AzureCommunicationUICalling.framework */,
				75F0EE2A29848B9B004FE07A /* AzureCommunicationUICallingTests.xctest */,
			);
			name = Products;
			sourceTree = "<group>";
		};
		75F0EE2E29848C6D004FE07A /* Products */ = {
			isa = PBXGroup;
			children = (
				75F0EE3329848C6D004FE07A /* AzureCommunicationUIChat.framework */,
				75F0EE3529848C6D004FE07A /* AzureCommunicationUIChatTests.xctest */,
			);
			name = Products;
			sourceTree = "<group>";
		};
		75F0EE3929848F01004FE07A /* Products */ = {
			isa = PBXGroup;
			children = (
				75F0EE3F29848F01004FE07A /* FluentUIResources-ios.bundle */,
				75F0EE4129848F01004FE07A /* libFluentUI.a */,
				75F0EE4329848F01004FE07A /* FluentUITests.xctest */,
			);
			name = Products;
			sourceTree = "<group>";
		};
		75F0EE4629849246004FE07A /* Frameworks */ = {
			isa = PBXGroup;
			children = (
				75F0EE4729849246004FE07A /* AzureCommunicationCalling.xcframework */,
			);
			name = Frameworks;
			sourceTree = "<group>";
		};
		75F0EE4A298492A4004FE07A /* Products */ = {
			isa = PBXGroup;
			children = (
				75F0EE50298492A4004FE07A /* AzureCommunicationChat.framework */,
				75F0EE52298492A4004FE07A /* AzureCommunicationChatTests.xctest */,
				75F0EE54298492A4004FE07A /* AzureCommunicationChatUnitTests.xctest */,
			);
			name = Products;
			sourceTree = "<group>";
		};
		75F0EE5829849689004FE07A /* Products */ = {
			isa = PBXGroup;
			children = (
				75F0EE5D29849689004FE07A /* AzureCore.framework */,
				75F0EE5F29849689004FE07A /* AzureCoreTests.xctest */,
			);
			name = Products;
			sourceTree = "<group>";
		};
		75F0EE63298496E3004FE07A /* Products */ = {
			isa = PBXGroup;
			children = (
				75F0EE68298496E3004FE07A /* AzureCommunicationCommon.framework */,
				75F0EE6A298496E3004FE07A /* AzureCommunicationCommonTests.xctest */,
			);
			name = Products;
			sourceTree = "<group>";
		};
/* End PBXGroup section */

/* Begin PBXNativeTarget section */
		75F0EE1029848620004FE07A /* CallingWithChat */ = {
			isa = PBXNativeTarget;
			buildConfigurationList = 75F0EE1F29848623004FE07A /* Build configuration list for PBXNativeTarget "CallingWithChat" */;
			buildPhases = (
				75F0EE0D29848620004FE07A /* Sources */,
				75F0EE0E29848620004FE07A /* Frameworks */,
				75F0EE0F29848620004FE07A /* Resources */,
			);
			buildRules = (
			);
			dependencies = (
				75F0EE6C298496EC004FE07A /* PBXTargetDependency */,
				75F0EE6129849693004FE07A /* PBXTargetDependency */,
				75F0EE56298492AE004FE07A /* PBXTargetDependency */,
				75F0EE4529848F18004FE07A /* PBXTargetDependency */,
				75F0EE3729848C86004FE07A /* PBXTargetDependency */,
				75F0EE2C29848BBA004FE07A /* PBXTargetDependency */,
			);
			name = CallingWithChat;
			productName = CallingWithChat;
			productReference = 75F0EE1129848620004FE07A /* CallingWithChat.app */;
			productType = "com.apple.product-type.application";
		};
/* End PBXNativeTarget section */

/* Begin PBXProject section */
		75F0EE0929848620004FE07A /* Project object */ = {
			isa = PBXProject;
			attributes = {
				BuildIndependentTargetsInParallel = 1;
				LastSwiftUpdateCheck = 1420;
				LastUpgradeCheck = 1420;
				TargetAttributes = {
					75F0EE1029848620004FE07A = {
						CreatedOnToolsVersion = 14.2;
					};
				};
			};
			buildConfigurationList = 75F0EE0C29848620004FE07A /* Build configuration list for PBXProject "CallingWithChat" */;
			compatibilityVersion = "Xcode 14.0";
			developmentRegion = en;
			hasScannedForEncodings = 0;
			knownRegions = (
				en,
				Base,
			);
			mainGroup = 75F0EE0829848620004FE07A;
			productRefGroup = 75F0EE1229848620004FE07A /* Products */;
			projectDirPath = "";
			projectReferences = (
				{
					ProductGroup = 75F0EE4A298492A4004FE07A /* Products */;
					ProjectRef = 75F0EE49298492A4004FE07A /* AzureCommunicationChat.xcodeproj */;
				},
				{
					ProductGroup = 75F0EE63298496E3004FE07A /* Products */;
					ProjectRef = 75F0EE62298496E3004FE07A /* AzureCommunicationCommon.xcodeproj */;
				},
				{
					ProductGroup = 75F0EE2329848B9B004FE07A /* Products */;
					ProjectRef = 75F0EE2229848B9B004FE07A /* AzureCommunicationUICalling.xcodeproj */;
				},
				{
					ProductGroup = 75F0EE2E29848C6D004FE07A /* Products */;
					ProjectRef = 75F0EE2D29848C6D004FE07A /* AzureCommunicationUIChat.xcodeproj */;
				},
				{
					ProductGroup = 75F0EE5829849689004FE07A /* Products */;
					ProjectRef = 75F0EE5729849689004FE07A /* AzureCore.xcodeproj */;
				},
				{
					ProductGroup = 75F0EE3929848F01004FE07A /* Products */;
					ProjectRef = 75F0EE3829848F01004FE07A /* FluentUI.xcodeproj */;
				},
			);
			projectRoot = "";
			targets = (
				75F0EE1029848620004FE07A /* CallingWithChat */,
			);
		};
/* End PBXProject section */

/* Begin PBXReferenceProxy section */
		75F0EE2829848B9B004FE07A /* AzureCommunicationUICalling.framework */ = {
			isa = PBXReferenceProxy;
			fileType = wrapper.framework;
			path = AzureCommunicationUICalling.framework;
			remoteRef = 75F0EE2729848B9B004FE07A /* PBXContainerItemProxy */;
			sourceTree = BUILT_PRODUCTS_DIR;
		};
		75F0EE2A29848B9B004FE07A /* AzureCommunicationUICallingTests.xctest */ = {
			isa = PBXReferenceProxy;
			fileType = wrapper.cfbundle;
			path = AzureCommunicationUICallingTests.xctest;
			remoteRef = 75F0EE2929848B9B004FE07A /* PBXContainerItemProxy */;
			sourceTree = BUILT_PRODUCTS_DIR;
		};
		75F0EE3329848C6D004FE07A /* AzureCommunicationUIChat.framework */ = {
			isa = PBXReferenceProxy;
			fileType = wrapper.framework;
			path = AzureCommunicationUIChat.framework;
			remoteRef = 75F0EE3229848C6D004FE07A /* PBXContainerItemProxy */;
			sourceTree = BUILT_PRODUCTS_DIR;
		};
		75F0EE3529848C6D004FE07A /* AzureCommunicationUIChatTests.xctest */ = {
			isa = PBXReferenceProxy;
			fileType = wrapper.cfbundle;
			path = AzureCommunicationUIChatTests.xctest;
			remoteRef = 75F0EE3429848C6D004FE07A /* PBXContainerItemProxy */;
			sourceTree = BUILT_PRODUCTS_DIR;
		};
		75F0EE3F29848F01004FE07A /* FluentUIResources-ios.bundle */ = {
			isa = PBXReferenceProxy;
			fileType = wrapper.cfbundle;
			path = "FluentUIResources-ios.bundle";
			remoteRef = 75F0EE3E29848F01004FE07A /* PBXContainerItemProxy */;
			sourceTree = BUILT_PRODUCTS_DIR;
		};
		75F0EE4129848F01004FE07A /* libFluentUI.a */ = {
			isa = PBXReferenceProxy;
			fileType = archive.ar;
			path = libFluentUI.a;
			remoteRef = 75F0EE4029848F01004FE07A /* PBXContainerItemProxy */;
			sourceTree = BUILT_PRODUCTS_DIR;
		};
		75F0EE4329848F01004FE07A /* FluentUITests.xctest */ = {
			isa = PBXReferenceProxy;
			fileType = wrapper.cfbundle;
			path = FluentUITests.xctest;
			remoteRef = 75F0EE4229848F01004FE07A /* PBXContainerItemProxy */;
			sourceTree = BUILT_PRODUCTS_DIR;
		};
		75F0EE50298492A4004FE07A /* AzureCommunicationChat.framework */ = {
			isa = PBXReferenceProxy;
			fileType = wrapper.framework;
			path = AzureCommunicationChat.framework;
			remoteRef = 75F0EE4F298492A4004FE07A /* PBXContainerItemProxy */;
			sourceTree = BUILT_PRODUCTS_DIR;
		};
		75F0EE52298492A4004FE07A /* AzureCommunicationChatTests.xctest */ = {
			isa = PBXReferenceProxy;
			fileType = wrapper.cfbundle;
			path = AzureCommunicationChatTests.xctest;
			remoteRef = 75F0EE51298492A4004FE07A /* PBXContainerItemProxy */;
			sourceTree = BUILT_PRODUCTS_DIR;
		};
		75F0EE54298492A4004FE07A /* AzureCommunicationChatUnitTests.xctest */ = {
			isa = PBXReferenceProxy;
			fileType = wrapper.cfbundle;
			path = AzureCommunicationChatUnitTests.xctest;
			remoteRef = 75F0EE53298492A4004FE07A /* PBXContainerItemProxy */;
			sourceTree = BUILT_PRODUCTS_DIR;
		};
		75F0EE5D29849689004FE07A /* AzureCore.framework */ = {
			isa = PBXReferenceProxy;
			fileType = wrapper.framework;
			path = AzureCore.framework;
			remoteRef = 75F0EE5C29849689004FE07A /* PBXContainerItemProxy */;
			sourceTree = BUILT_PRODUCTS_DIR;
		};
		75F0EE5F29849689004FE07A /* AzureCoreTests.xctest */ = {
			isa = PBXReferenceProxy;
			fileType = wrapper.cfbundle;
			path = AzureCoreTests.xctest;
			remoteRef = 75F0EE5E29849689004FE07A /* PBXContainerItemProxy */;
			sourceTree = BUILT_PRODUCTS_DIR;
		};
		75F0EE68298496E3004FE07A /* AzureCommunicationCommon.framework */ = {
			isa = PBXReferenceProxy;
			fileType = wrapper.framework;
			path = AzureCommunicationCommon.framework;
			remoteRef = 75F0EE67298496E3004FE07A /* PBXContainerItemProxy */;
			sourceTree = BUILT_PRODUCTS_DIR;
		};
		75F0EE6A298496E3004FE07A /* AzureCommunicationCommonTests.xctest */ = {
			isa = PBXReferenceProxy;
			fileType = wrapper.cfbundle;
			path = AzureCommunicationCommonTests.xctest;
			remoteRef = 75F0EE69298496E3004FE07A /* PBXContainerItemProxy */;
			sourceTree = BUILT_PRODUCTS_DIR;
		};
/* End PBXReferenceProxy section */

/* Begin PBXResourcesBuildPhase section */
		75F0EE0F29848620004FE07A /* Resources */ = {
			isa = PBXResourcesBuildPhase;
			buildActionMask = 2147483647;
			files = (
				75F0EE1C29848623004FE07A /* Preview Assets.xcassets in Resources */,
				75F0EE1929848623004FE07A /* Assets.xcassets in Resources */,
				75B06F9F2984996C002219CB /* FluentUIResources-ios.bundle in Resources */,
			);
			runOnlyForDeploymentPostprocessing = 0;
		};
/* End PBXResourcesBuildPhase section */

/* Begin PBXSourcesBuildPhase section */
		75F0EE0D29848620004FE07A /* Sources */ = {
			isa = PBXSourcesBuildPhase;
			buildActionMask = 2147483647;
			files = (
				75F0EE1729848620004FE07A /* ContentView.swift in Sources */,
				75F0EE1529848620004FE07A /* CallingWithChatApp.swift in Sources */,
			);
			runOnlyForDeploymentPostprocessing = 0;
		};
/* End PBXSourcesBuildPhase section */

/* Begin PBXTargetDependency section */
		75F0EE2C29848BBA004FE07A /* PBXTargetDependency */ = {
			isa = PBXTargetDependency;
			name = AzureCommunicationUICalling;
			targetProxy = 75F0EE2B29848BBA004FE07A /* PBXContainerItemProxy */;
		};
		75F0EE3729848C86004FE07A /* PBXTargetDependency */ = {
			isa = PBXTargetDependency;
			name = AzureCommunicationUIChat;
			targetProxy = 75F0EE3629848C86004FE07A /* PBXContainerItemProxy */;
		};
		75F0EE4529848F18004FE07A /* PBXTargetDependency */ = {
			isa = PBXTargetDependency;
			name = FluentUILib;
			targetProxy = 75F0EE4429848F18004FE07A /* PBXContainerItemProxy */;
		};
		75F0EE56298492AE004FE07A /* PBXTargetDependency */ = {
			isa = PBXTargetDependency;
			name = AzureCommunicationChat;
			targetProxy = 75F0EE55298492AE004FE07A /* PBXContainerItemProxy */;
		};
		75F0EE6129849693004FE07A /* PBXTargetDependency */ = {
			isa = PBXTargetDependency;
			name = AzureCore;
			targetProxy = 75F0EE6029849693004FE07A /* PBXContainerItemProxy */;
		};
		75F0EE6C298496EC004FE07A /* PBXTargetDependency */ = {
			isa = PBXTargetDependency;
			name = AzureCommunicationCommon;
			targetProxy = 75F0EE6B298496EC004FE07A /* PBXContainerItemProxy */;
		};
/* End PBXTargetDependency section */

/* Begin XCBuildConfiguration section */
		75F0EE1D29848623004FE07A /* Debug */ = {
			isa = XCBuildConfiguration;
			buildSettings = {
				ALWAYS_SEARCH_USER_PATHS = NO;
				CLANG_ANALYZER_NONNULL = YES;
				CLANG_ANALYZER_NUMBER_OBJECT_CONVERSION = YES_AGGRESSIVE;
				CLANG_CXX_LANGUAGE_STANDARD = "gnu++20";
				CLANG_ENABLE_MODULES = YES;
				CLANG_ENABLE_OBJC_ARC = YES;
				CLANG_ENABLE_OBJC_WEAK = YES;
				CLANG_WARN_BLOCK_CAPTURE_AUTORELEASING = YES;
				CLANG_WARN_BOOL_CONVERSION = YES;
				CLANG_WARN_COMMA = YES;
				CLANG_WARN_CONSTANT_CONVERSION = YES;
				CLANG_WARN_DEPRECATED_OBJC_IMPLEMENTATIONS = YES;
				CLANG_WARN_DIRECT_OBJC_ISA_USAGE = YES_ERROR;
				CLANG_WARN_DOCUMENTATION_COMMENTS = YES;
				CLANG_WARN_EMPTY_BODY = YES;
				CLANG_WARN_ENUM_CONVERSION = YES;
				CLANG_WARN_INFINITE_RECURSION = YES;
				CLANG_WARN_INT_CONVERSION = YES;
				CLANG_WARN_NON_LITERAL_NULL_CONVERSION = YES;
				CLANG_WARN_OBJC_IMPLICIT_RETAIN_SELF = YES;
				CLANG_WARN_OBJC_LITERAL_CONVERSION = YES;
				CLANG_WARN_OBJC_ROOT_CLASS = YES_ERROR;
				CLANG_WARN_QUOTED_INCLUDE_IN_FRAMEWORK_HEADER = YES;
				CLANG_WARN_RANGE_LOOP_ANALYSIS = YES;
				CLANG_WARN_STRICT_PROTOTYPES = YES;
				CLANG_WARN_SUSPICIOUS_MOVE = YES;
				CLANG_WARN_UNGUARDED_AVAILABILITY = YES_AGGRESSIVE;
				CLANG_WARN_UNREACHABLE_CODE = YES;
				CLANG_WARN__DUPLICATE_METHOD_MATCH = YES;
				COPY_PHASE_STRIP = NO;
				DEBUG_INFORMATION_FORMAT = dwarf;
				ENABLE_STRICT_OBJC_MSGSEND = YES;
				ENABLE_TESTABILITY = YES;
				GCC_C_LANGUAGE_STANDARD = gnu11;
				GCC_DYNAMIC_NO_PIC = NO;
				GCC_NO_COMMON_BLOCKS = YES;
				GCC_OPTIMIZATION_LEVEL = 0;
				GCC_PREPROCESSOR_DEFINITIONS = (
					"DEBUG=1",
					"$(inherited)",
				);
				GCC_WARN_64_TO_32_BIT_CONVERSION = YES;
				GCC_WARN_ABOUT_RETURN_TYPE = YES_ERROR;
				GCC_WARN_UNDECLARED_SELECTOR = YES;
				GCC_WARN_UNINITIALIZED_AUTOS = YES_AGGRESSIVE;
				GCC_WARN_UNUSED_FUNCTION = YES;
				GCC_WARN_UNUSED_VARIABLE = YES;
				IPHONEOS_DEPLOYMENT_TARGET = 16.2;
				MTL_ENABLE_DEBUG_INFO = INCLUDE_SOURCE;
				MTL_FAST_MATH = YES;
				ONLY_ACTIVE_ARCH = YES;
				SDKROOT = iphoneos;
				SWIFT_ACTIVE_COMPILATION_CONDITIONS = DEBUG;
				SWIFT_OPTIMIZATION_LEVEL = "-Onone";
			};
			name = Debug;
		};
		75F0EE1E29848623004FE07A /* Release */ = {
			isa = XCBuildConfiguration;
			buildSettings = {
				ALWAYS_SEARCH_USER_PATHS = NO;
				CLANG_ANALYZER_NONNULL = YES;
				CLANG_ANALYZER_NUMBER_OBJECT_CONVERSION = YES_AGGRESSIVE;
				CLANG_CXX_LANGUAGE_STANDARD = "gnu++20";
				CLANG_ENABLE_MODULES = YES;
				CLANG_ENABLE_OBJC_ARC = YES;
				CLANG_ENABLE_OBJC_WEAK = YES;
				CLANG_WARN_BLOCK_CAPTURE_AUTORELEASING = YES;
				CLANG_WARN_BOOL_CONVERSION = YES;
				CLANG_WARN_COMMA = YES;
				CLANG_WARN_CONSTANT_CONVERSION = YES;
				CLANG_WARN_DEPRECATED_OBJC_IMPLEMENTATIONS = YES;
				CLANG_WARN_DIRECT_OBJC_ISA_USAGE = YES_ERROR;
				CLANG_WARN_DOCUMENTATION_COMMENTS = YES;
				CLANG_WARN_EMPTY_BODY = YES;
				CLANG_WARN_ENUM_CONVERSION = YES;
				CLANG_WARN_INFINITE_RECURSION = YES;
				CLANG_WARN_INT_CONVERSION = YES;
				CLANG_WARN_NON_LITERAL_NULL_CONVERSION = YES;
				CLANG_WARN_OBJC_IMPLICIT_RETAIN_SELF = YES;
				CLANG_WARN_OBJC_LITERAL_CONVERSION = YES;
				CLANG_WARN_OBJC_ROOT_CLASS = YES_ERROR;
				CLANG_WARN_QUOTED_INCLUDE_IN_FRAMEWORK_HEADER = YES;
				CLANG_WARN_RANGE_LOOP_ANALYSIS = YES;
				CLANG_WARN_STRICT_PROTOTYPES = YES;
				CLANG_WARN_SUSPICIOUS_MOVE = YES;
				CLANG_WARN_UNGUARDED_AVAILABILITY = YES_AGGRESSIVE;
				CLANG_WARN_UNREACHABLE_CODE = YES;
				CLANG_WARN__DUPLICATE_METHOD_MATCH = YES;
				COPY_PHASE_STRIP = NO;
				DEBUG_INFORMATION_FORMAT = "dwarf-with-dsym";
				ENABLE_NS_ASSERTIONS = NO;
				ENABLE_STRICT_OBJC_MSGSEND = YES;
				GCC_C_LANGUAGE_STANDARD = gnu11;
				GCC_NO_COMMON_BLOCKS = YES;
				GCC_WARN_64_TO_32_BIT_CONVERSION = YES;
				GCC_WARN_ABOUT_RETURN_TYPE = YES_ERROR;
				GCC_WARN_UNDECLARED_SELECTOR = YES;
				GCC_WARN_UNINITIALIZED_AUTOS = YES_AGGRESSIVE;
				GCC_WARN_UNUSED_FUNCTION = YES;
				GCC_WARN_UNUSED_VARIABLE = YES;
				IPHONEOS_DEPLOYMENT_TARGET = 16.2;
				MTL_ENABLE_DEBUG_INFO = NO;
				MTL_FAST_MATH = YES;
				SDKROOT = iphoneos;
				SWIFT_COMPILATION_MODE = wholemodule;
				SWIFT_OPTIMIZATION_LEVEL = "-O";
				VALIDATE_PRODUCT = YES;
			};
			name = Release;
		};
		75F0EE2029848623004FE07A /* Debug */ = {
			isa = XCBuildConfiguration;
			buildSettings = {
				ASSETCATALOG_COMPILER_APPICON_NAME = AppIcon;
				ASSETCATALOG_COMPILER_GLOBAL_ACCENT_COLOR_NAME = AccentColor;
				CODE_SIGN_STYLE = Automatic;
				CURRENT_PROJECT_VERSION = 1;
				DEVELOPMENT_ASSET_PATHS = "\"CallingWithChat/Preview Content\"";
				ENABLE_PREVIEWS = YES;
				GENERATE_INFOPLIST_FILE = YES;
				INFOPLIST_KEY_UIApplicationSceneManifest_Generation = YES;
				INFOPLIST_KEY_UIApplicationSupportsIndirectInputEvents = YES;
				INFOPLIST_KEY_UILaunchScreen_Generation = YES;
				INFOPLIST_KEY_UISupportedInterfaceOrientations_iPad = "UIInterfaceOrientationPortrait UIInterfaceOrientationPortraitUpsideDown UIInterfaceOrientationLandscapeLeft UIInterfaceOrientationLandscapeRight";
				INFOPLIST_KEY_UISupportedInterfaceOrientations_iPhone = "UIInterfaceOrientationPortrait UIInterfaceOrientationLandscapeLeft UIInterfaceOrientationLandscapeRight";
				LD_RUNPATH_SEARCH_PATHS = (
					"$(inherited)",
					"@executable_path/Frameworks",
				);
				MARKETING_VERSION = 1.0;
				PRODUCT_BUNDLE_IDENTIFIER = com.microsoft.CallingWithChat;
				PRODUCT_NAME = "$(TARGET_NAME)";
				SWIFT_EMIT_LOC_STRINGS = YES;
				SWIFT_VERSION = 5.0;
				TARGETED_DEVICE_FAMILY = "1,2";
			};
			name = Debug;
		};
		75F0EE2129848623004FE07A /* Release */ = {
			isa = XCBuildConfiguration;
			buildSettings = {
				ASSETCATALOG_COMPILER_APPICON_NAME = AppIcon;
				ASSETCATALOG_COMPILER_GLOBAL_ACCENT_COLOR_NAME = AccentColor;
				CODE_SIGN_STYLE = Automatic;
				CURRENT_PROJECT_VERSION = 1;
				DEVELOPMENT_ASSET_PATHS = "\"CallingWithChat/Preview Content\"";
				ENABLE_PREVIEWS = YES;
				GENERATE_INFOPLIST_FILE = YES;
				INFOPLIST_KEY_UIApplicationSceneManifest_Generation = YES;
				INFOPLIST_KEY_UIApplicationSupportsIndirectInputEvents = YES;
				INFOPLIST_KEY_UILaunchScreen_Generation = YES;
				INFOPLIST_KEY_UISupportedInterfaceOrientations_iPad = "UIInterfaceOrientationPortrait UIInterfaceOrientationPortraitUpsideDown UIInterfaceOrientationLandscapeLeft UIInterfaceOrientationLandscapeRight";
				INFOPLIST_KEY_UISupportedInterfaceOrientations_iPhone = "UIInterfaceOrientationPortrait UIInterfaceOrientationLandscapeLeft UIInterfaceOrientationLandscapeRight";
				LD_RUNPATH_SEARCH_PATHS = (
					"$(inherited)",
					"@executable_path/Frameworks",
				);
				MARKETING_VERSION = 1.0;
				PRODUCT_BUNDLE_IDENTIFIER = com.microsoft.CallingWithChat;
				PRODUCT_NAME = "$(TARGET_NAME)";
				SWIFT_EMIT_LOC_STRINGS = YES;
				SWIFT_VERSION = 5.0;
				TARGETED_DEVICE_FAMILY = "1,2";
			};
			name = Release;
		};
/* End XCBuildConfiguration section */

/* Begin XCConfigurationList section */
		75F0EE0C29848620004FE07A /* Build configuration list for PBXProject "CallingWithChat" */ = {
			isa = XCConfigurationList;
			buildConfigurations = (
				75F0EE1D29848623004FE07A /* Debug */,
				75F0EE1E29848623004FE07A /* Release */,
			);
			defaultConfigurationIsVisible = 0;
			defaultConfigurationName = Release;
		};
		75F0EE1F29848623004FE07A /* Build configuration list for PBXNativeTarget "CallingWithChat" */ = {
			isa = XCConfigurationList;
			buildConfigurations = (
				75F0EE2029848623004FE07A /* Debug */,
				75F0EE2129848623004FE07A /* Release */,
			);
			defaultConfigurationIsVisible = 0;
			defaultConfigurationName = Release;
		};
/* End XCConfigurationList section */
	};
	rootObject = 75F0EE0929848620004FE07A /* Project object */;
}
